
Microsoft Visual Studio Solution File, Format Version 12.00
# Visual Studio Version 16
VisualStudioVersion = 16.0.31112.23
MinimumVisualStudioVersion = 10.0.40219.1
Project("{FAE04EC0-301F-11D3-BF4B-00C04F79EFBC}") = "LinqSelect", "LinqSelect\LinqSelect.csproj", "{7B77CE37-A81D-4781-8C10-CA5B54663395}"
EndProject
Project("{FAE04EC0-301F-11D3-BF4B-00C04F79EFBC}") = "LinqSelectTests", "LinqSelectTest\LinqSelectTests.csproj", "{359337B9-B007-498A-B645-52782871F936}"
EndProject
Global
	GlobalSection(SolutionConfigurationPlatforms) = preSolution
		Debug|Any CPU = Debug|Any CPU
		Release|Any CPU = Release|Any CPU
	EndGlobalSection
	GlobalSection(ProjectConfigurationPlatforms) = postSolution
		{7B77CE37-A81D-4781-8C10-CA5B54663395}.Debug|Any CPU.ActiveCfg = Debug|Any CPU
		{7B77CE37-A81D-4781-8C10-CA5B54663395}.Debug|Any CPU.Build.0 = Debug|Any CPU
		{7B77CE37-A81D-4781-8C10-CA5B54663395}.Release|Any CPU.ActiveCfg = Release|Any CPU
		{7B77CE37-A81D-4781-8C10-CA5B54663395}.Release|Any CPU.Build.0 = Release|Any CPU
		{359337B9-B007-498A-B645-52782871F936}.Debug|Any CPU.ActiveCfg = Debug|Any CPU
		{359337B9-B007-498A-B645-52782871F936}.Debug|Any CPU.Build.0 = Debug|Any CPU
		{359337B9-B007-498A-B645-52782871F936}.Release|Any CPU.ActiveCfg = Release|Any CPU
		{359337B9-B007-498A-B645-52782871F936}.Release|Any CPU.Build.0 = Release|Any CPU
	EndGlobalSection
	GlobalSection(SolutionProperties) = preSolution
		HideSolutionNode = FALSE
	EndGlobalSection
	GlobalSection(ExtensibilityGlobals) = postSolution
		SolutionGuid = {2B823556-B21B-4CF0-8C2D-4B8C2CE47815}
	EndGlobalSection
EndGlobal
